{
  "version": 4,
  "terraform_version": "1.5.7",
  "serial": 259,
  "lineage": "5256e2dc-3c56-7195-9d55-558ed9fa5c42",
  "outputs": {
    "api_url": {
      "value": "https://l6qcoq9bul.execute-api.ap-south-1.amazonaws.com/dev",
      "type": "string"
    },
    "arn": {
      "value": "arn:aws:sts::650040788938:assumed-role/devops/ghsrikan@cisco.com",
      "type": "string"
    },
    "caller": {
      "value": "650040788938",
      "type": "string"
    },
    "callerid": {
      "value": "650040788938",
      "type": "string"
    },
    "enterprise_lambda_arn": {
      "value": "arn:aws:apigateway:ap-south-1:lambda:path/2015-03-31/functions/arn:aws:lambda:ap-south-1:650040788938:function:enterprise_lambda/invocations",
      "type": "string"
    },
    "enterprise_table_arn": {
      "value": "arn:aws:dynamodb:ap-south-1:650040788938:table/Enterprises",
      "type": "string"
    },
    "region": {
      "value": "ap-south-1",
      "type": "string"
    }
  },
  "resources": [
    {
      "mode": "data",
      "type": "archive_file",
      "name": "lambda_code",
      "provider": "provider[\"registry.terraform.io/hashicorp/archive\"]",
      "instances": [
        {
          "schema_version": 0,
          "attributes": {
            "exclude_symlink_directories": null,
            "excludes": null,
            "id": "6bb3f651809d3bc0db0400b167437b9354de952b",
            "output_base64sha256": "YxX97PeOhhOcooRuckfK5G9XyLC6A6aqQj5WhmHCzeU=",
            "output_base64sha512": "ShkbsznzTGRmPyGxqLEs25o1e2UuzqEnE3qXLCLVCyOiB7MQcVtWQ0OI65keiPJ7P5MPmciXC4uJEQouprSvrA==",
            "output_file_mode": null,
            "output_md5": "8cdac6e9eb8ddcccec72c3e1ba1308ee",
            "output_path": "./bin/enterprise_lambda.zip",
            "output_sha": "6bb3f651809d3bc0db0400b167437b9354de952b",
            "output_sha256": "6315fdecf78e86139ca2846e7247cae46f57c8b0ba03a6aa423e568661c2cde5",
            "output_sha512": "4a191bb339f34c64663f21b1a8b12cdb9a357b652ecea127137a972c22d50b23a207b310715b56434388eb991e88f27b3f930f99c8970b8b89110a2ea6b4afac",
            "output_size": 12556866,
            "source": [],
            "source_content": null,
            "source_content_filename": null,
            "source_dir": null,
            "source_file": "./bin/bootstrap",
            "type": "zip"
          },
          "sensitive_attributes": []
        }
      ]
    },
    {
      "mode": "data",
      "type": "aws_caller_identity",
      "name": "current",
      "provider": "provider[\"registry.terraform.io/hashicorp/aws\"]",
      "instances": [
        {
          "schema_version": 0,
          "attributes": {
            "account_id": "650040788938",
            "arn": "arn:aws:sts::650040788938:assumed-role/devops/ghsrikan@cisco.com",
            "id": "650040788938",
            "user_id": "AROAZOWLTI7FJ5KSH6BSA:ghsrikan@cisco.com"
          },
          "sensitive_attributes": []
        }
      ]
    },
    {
      "mode": "data",
      "type": "aws_region",
      "name": "current",
      "provider": "provider[\"registry.terraform.io/hashicorp/aws\"]",
      "instances": [
        {
          "schema_version": 0,
          "attributes": {
            "description": "Asia Pacific (Mumbai)",
            "endpoint": "ec2.ap-south-1.amazonaws.com",
            "id": "ap-south-1",
            "name": "ap-south-1"
          },
          "sensitive_attributes": []
        }
      ]
    },
    {
      "mode": "managed",
      "type": "aws_dynamodb_table",
      "name": "enterprise_table",
      "provider": "provider[\"registry.terraform.io/hashicorp/aws\"]",
      "instances": [
        {
          "schema_version": 1,
          "attributes": {
            "arn": "arn:aws:dynamodb:ap-south-1:650040788938:table/Enterprises",
            "attribute": [
              {
                "name": "ID",
                "type": "S"
              }
            ],
            "billing_mode": "PAY_PER_REQUEST",
            "deletion_protection_enabled": false,
            "global_secondary_index": [],
            "hash_key": "ID",
            "id": "Enterprises",
            "import_table": [],
            "local_secondary_index": [],
            "name": "Enterprises",
            "on_demand_throughput": [],
            "point_in_time_recovery": [
              {
                "enabled": false
              }
            ],
            "range_key": null,
            "read_capacity": 0,
            "replica": [],
            "restore_date_time": null,
            "restore_source_name": null,
            "restore_source_table_arn": null,
            "restore_to_latest_time": null,
            "server_side_encryption": [],
            "stream_arn": "",
            "stream_enabled": false,
            "stream_label": "",
            "stream_view_type": "",
            "table_class": "STANDARD",
            "tags": {},
            "tags_all": {},
            "timeouts": null,
            "ttl": [
              {
                "attribute_name": "",
                "enabled": false
              }
            ],
            "write_capacity": 0
          },
          "sensitive_attributes": [],
          "private": "eyJlMmJmYjczMC1lY2FhLTExZTYtOGY4OC0zNDM2M2JjN2M0YzAiOnsiY3JlYXRlIjoxODAwMDAwMDAwMDAwLCJkZWxldGUiOjYwMDAwMDAwMDAwMCwidXBkYXRlIjozNjAwMDAwMDAwMDAwfSwic2NoZW1hX3ZlcnNpb24iOiIxIn0="
        }
      ]
    },
    {
      "mode": "managed",
      "type": "aws_iam_policy",
      "name": "lambda_dynamodb_policy",
      "provider": "provider[\"registry.terraform.io/hashicorp/aws\"]",
      "instances": [
        {
          "schema_version": 0,
          "attributes": {
            "arn": "arn:aws:iam::650040788938:policy/LambdaDynamoDBPolicy",
            "attachment_count": 1,
            "description": "IAM policy to allow Lambda function to access DynamoDB and CloudWatch Logs",
            "id": "arn:aws:iam::650040788938:policy/LambdaDynamoDBPolicy",
            "name": "LambdaDynamoDBPolicy",
            "name_prefix": "",
            "path": "/",
            "policy": "{\"Statement\":[{\"Action\":[\"dynamodb:GetItem\",\"dynamodb:PutItem\",\"dynamodb:Query\",\"dynamodb:DeleteItem\",\"dynamodb:Scan\"],\"Effect\":\"Allow\",\"Resource\":\"arn:aws:dynamodb:ap-south-1:650040788938:table/Enterprises\"},{\"Action\":[\"logs:CreateLogGroup\",\"logs:CreateLogStream\",\"logs:PutLogEvents\"],\"Effect\":\"Allow\",\"Resource\":\"arn:aws:logs:*:*:*\"}],\"Version\":\"2012-10-17\"}",
            "policy_id": "ANPAZOWLTI7FGSBZ3HKFV",
            "tags": {},
            "tags_all": {}
          },
          "sensitive_attributes": [],
          "private": "bnVsbA==",
          "dependencies": [
            "aws_dynamodb_table.enterprise_table"
          ]
        }
      ]
    },
    {
      "mode": "managed",
      "type": "aws_lambda_permission",
      "name": "api_gateway_permission",
      "provider": "provider[\"registry.terraform.io/hashicorp/aws\"]",
      "instances": [
        {
          "schema_version": 0,
          "attributes": {
            "action": "lambda:InvokeFunction",
            "event_source_token": null,
            "function_name": "enterprise_lambda",
            "function_url_auth_type": null,
            "id": "AllowAPIGatewayInvoke",
            "principal": "apigateway.amazonaws.com",
            "principal_org_id": null,
            "qualifier": "",
            "source_account": null,
            "source_arn": "arn:aws:execute-api:ap-south-1:650040788938:l6qcoq9bul/*",
            "statement_id": "AllowAPIGatewayInvoke",
            "statement_id_prefix": ""
          },
          "sensitive_attributes": [],
          "private": "bnVsbA==",
          "dependencies": [
            "data.archive_file.lambda_code",
            "module.enterprise_lambda.aws_iam_role.lambda_role",
            "module.enterprise_lambda.aws_lambda_function.gorest_lambda",
            "module.enterprise_lambda.data.aws_iam_policy_document.lambda_assume_role_policy",
            "module.proxy_api.aws_api_gateway_rest_api.Enterprise_api"
          ]
        }
      ]
    },
    {
      "module": "module.enterprise_lambda",
      "mode": "data",
      "type": "aws_iam_policy_document",
      "name": "lambda_assume_role_policy",
      "provider": "provider[\"registry.terraform.io/hashicorp/aws\"]",
      "instances": [
        {
          "schema_version": 0,
          "attributes": {
            "id": "2690255455",
            "json": "{\n  \"Version\": \"2012-10-17\",\n  \"Statement\": [\n    {\n      \"Effect\": \"Allow\",\n      \"Action\": \"sts:AssumeRole\",\n      \"Principal\": {\n        \"Service\": \"lambda.amazonaws.com\"\n      }\n    }\n  ]\n}",
            "minified_json": "{\"Version\":\"2012-10-17\",\"Statement\":[{\"Effect\":\"Allow\",\"Action\":\"sts:AssumeRole\",\"Principal\":{\"Service\":\"lambda.amazonaws.com\"}}]}",
            "override_json": null,
            "override_policy_documents": null,
            "policy_id": null,
            "source_json": null,
            "source_policy_documents": null,
            "statement": [
              {
                "actions": [
                  "sts:AssumeRole"
                ],
                "condition": [],
                "effect": "Allow",
                "not_actions": [],
                "not_principals": [],
                "not_resources": [],
                "principals": [
                  {
                    "identifiers": [
                      "lambda.amazonaws.com"
                    ],
                    "type": "Service"
                  }
                ],
                "resources": [],
                "sid": ""
              }
            ],
            "version": "2012-10-17"
          },
          "sensitive_attributes": []
        }
      ]
    },
    {
      "module": "module.enterprise_lambda",
      "mode": "managed",
      "type": "aws_iam_role",
      "name": "lambda_role",
      "provider": "provider[\"registry.terraform.io/hashicorp/aws\"]",
      "instances": [
        {
          "schema_version": 0,
          "attributes": {
            "arn": "arn:aws:iam::650040788938:role/lambda_role",
            "assume_role_policy": "{\"Statement\":[{\"Action\":\"sts:AssumeRole\",\"Effect\":\"Allow\",\"Principal\":{\"Service\":\"lambda.amazonaws.com\"}}],\"Version\":\"2012-10-17\"}",
            "create_date": "2024-11-12T02:44:37Z",
            "description": "",
            "force_detach_policies": false,
            "id": "lambda_role",
            "inline_policy": [],
            "managed_policy_arns": [
              "arn:aws:iam::650040788938:policy/LambdaDynamoDBPolicy"
            ],
            "max_session_duration": 3600,
            "name": "lambda_role",
            "name_prefix": "",
            "path": "/",
            "permissions_boundary": "",
            "tags": {},
            "tags_all": {},
            "unique_id": "AROAZOWLTI7FNGQUNCJNF"
          },
          "sensitive_attributes": [],
          "private": "bnVsbA==",
          "dependencies": [
            "module.enterprise_lambda.data.aws_iam_policy_document.lambda_assume_role_policy"
          ]
        }
      ]
    },
    {
      "module": "module.enterprise_lambda",
      "mode": "managed",
      "type": "aws_iam_role_policy_attachment",
      "name": "lambda_dynamodb_attachment",
      "provider": "provider[\"registry.terraform.io/hashicorp/aws\"]",
      "instances": [
        {
          "schema_version": 0,
          "attributes": {
            "id": "lambda_role-20241112024451123000000001",
            "policy_arn": "arn:aws:iam::650040788938:policy/LambdaDynamoDBPolicy",
            "role": "lambda_role"
          },
          "sensitive_attributes": [],
          "private": "bnVsbA==",
          "dependencies": [
            "aws_dynamodb_table.enterprise_table",
            "aws_iam_policy.lambda_dynamodb_policy",
            "module.enterprise_lambda.aws_iam_role.lambda_role",
            "module.enterprise_lambda.data.aws_iam_policy_document.lambda_assume_role_policy"
          ]
        }
      ]
    },
    {
      "module": "module.enterprise_lambda",
      "mode": "managed",
      "type": "aws_lambda_function",
      "name": "gorest_lambda",
      "provider": "provider[\"registry.terraform.io/hashicorp/aws\"]",
      "instances": [
        {
          "schema_version": 0,
          "attributes": {
            "architectures": [
              "x86_64"
            ],
            "arn": "arn:aws:lambda:ap-south-1:650040788938:function:enterprise_lambda",
            "code_sha256": "YxX97PeOhhOcooRuckfK5G9XyLC6A6aqQj5WhmHCzeU=",
            "code_signing_config_arn": "",
            "dead_letter_config": [],
            "description": "",
            "environment": [],
            "ephemeral_storage": [
              {
                "size": 512
              }
            ],
            "file_system_config": [],
            "filename": "./bin/enterprise_lambda.zip",
            "function_name": "enterprise_lambda",
            "handler": "bootstrap",
            "id": "enterprise_lambda",
            "image_config": [],
            "image_uri": "",
            "invoke_arn": "arn:aws:apigateway:ap-south-1:lambda:path/2015-03-31/functions/arn:aws:lambda:ap-south-1:650040788938:function:enterprise_lambda/invocations",
            "kms_key_arn": "",
            "last_modified": "2024-11-12T02:44:46.231+0000",
            "layers": [],
            "logging_config": [
              {
                "application_log_level": "",
                "log_format": "Text",
                "log_group": "/aws/lambda/enterprise_lambda",
                "system_log_level": ""
              }
            ],
            "memory_size": 128,
            "package_type": "Zip",
            "publish": false,
            "qualified_arn": "arn:aws:lambda:ap-south-1:650040788938:function:enterprise_lambda:$LATEST",
            "qualified_invoke_arn": "arn:aws:apigateway:ap-south-1:lambda:path/2015-03-31/functions/arn:aws:lambda:ap-south-1:650040788938:function:enterprise_lambda:$LATEST/invocations",
            "replace_security_groups_on_destroy": null,
            "replacement_security_group_ids": null,
            "reserved_concurrent_executions": -1,
            "role": "arn:aws:iam::650040788938:role/lambda_role",
            "runtime": "provided.al2",
            "s3_bucket": null,
            "s3_key": null,
            "s3_object_version": null,
            "signing_job_arn": "",
            "signing_profile_version_arn": "",
            "skip_destroy": false,
            "snap_start": [],
            "source_code_hash": "YxX97PeOhhOcooRuckfK5G9XyLC6A6aqQj5WhmHCzeU=",
            "source_code_size": 12556866,
            "tags": {},
            "tags_all": {},
            "timeout": 3,
            "timeouts": null,
            "tracing_config": [
              {
                "mode": "PassThrough"
              }
            ],
            "version": "$LATEST",
            "vpc_config": []
          },
          "sensitive_attributes": [],
          "private": "eyJlMmJmYjczMC1lY2FhLTExZTYtOGY4OC0zNDM2M2JjN2M0YzAiOnsiY3JlYXRlIjo2MDAwMDAwMDAwMDAsImRlbGV0ZSI6NjAwMDAwMDAwMDAwLCJ1cGRhdGUiOjYwMDAwMDAwMDAwMH19",
          "dependencies": [
            "data.archive_file.lambda_code",
            "module.enterprise_lambda.aws_iam_role.lambda_role",
            "module.enterprise_lambda.data.aws_iam_policy_document.lambda_assume_role_policy"
          ]
        }
      ]
    },
    {
      "module": "module.proxy_api",
      "mode": "managed",
      "type": "aws_api_gateway_deployment",
      "name": "enterprise_api_deployment",
      "provider": "provider[\"registry.terraform.io/hashicorp/aws\"]",
      "instances": [
        {
          "schema_version": 0,
          "attributes": {
            "canary_settings": [],
            "created_date": "2024-11-12T02:44:54Z",
            "description": "",
            "execution_arn": "arn:aws:execute-api:ap-south-1:650040788938:l6qcoq9bul/dev",
            "id": "t69myf",
            "invoke_url": "https://l6qcoq9bul.execute-api.ap-south-1.amazonaws.com/dev",
            "rest_api_id": "l6qcoq9bul",
            "stage_description": null,
            "stage_name": "dev",
            "triggers": null,
            "variables": null
          },
          "sensitive_attributes": [],
          "private": "bnVsbA==",
          "dependencies": [
            "data.archive_file.lambda_code",
            "module.enterprise_lambda.aws_iam_role.lambda_role",
            "module.enterprise_lambda.aws_lambda_function.gorest_lambda",
            "module.enterprise_lambda.data.aws_iam_policy_document.lambda_assume_role_policy",
            "module.proxy_api.aws_api_gateway_rest_api.Enterprise_api"
          ]
        }
      ]
    },
    {
      "module": "module.proxy_api",
      "mode": "managed",
      "type": "aws_api_gateway_rest_api",
      "name": "Enterprise_api",
      "provider": "provider[\"registry.terraform.io/hashicorp/aws\"]",
      "instances": [
        {
          "schema_version": 0,
          "attributes": {
            "api_key_source": "HEADER",
            "arn": "arn:aws:apigateway:ap-south-1::/restapis/l6qcoq9bul",
            "binary_media_types": [],
            "body": "openapi: 3.0.0\ninfo:\n  title: Enterprise API\n  version: 1.0.0\n\npaths:\n  /putenterprise:\n    put:\n      summary: \"Update Enterprise\"\n      requestBody:\n        required: true\n        content:\n          application/json:\n            schema:\n              type: object\n              required:\n                - Id\n                - name\n                - Status\n              properties:\n                Id:\n                  type: string\n                name:\n                  type: string\n                Status:\n                  type: boolean\n      x-amazon-apigateway-integration:\n        uri: \"arn:aws:apigateway:ap-south-1:lambda:path/2015-03-31/functions/arn:aws:lambda:ap-south-1:650040788938:function:enterprise_lambda/invocations\"\n        httpMethod: POST\n        type: aws_proxy\n\n  /getenterprise:\n    get:\n      summary: \"Get Enterprise Information\"\n      parameters:\n        - name: \"enterpriseID\"\n          in: \"query\"\n          required: true\n          schema:\n            type: string\n      x-amazon-apigateway-integration:\n        uri: \"arn:aws:apigateway:ap-south-1:lambda:path/2015-03-31/functions/arn:aws:lambda:ap-south-1:650040788938:function:enterprise_lambda/invocations\"\n        httpMethod: POST\n        type: aws_proxy\n\n  /deleteenterprise:\n    delete:\n      summary: \"Delete Enterprise Information\"\n      parameters:\n        - name: \"enterpriseID\"\n          in: \"query\"\n          required: true\n          schema:\n            type: string\n      x-amazon-apigateway-integration:\n        uri: \"arn:aws:apigateway:ap-south-1:lambda:path/2015-03-31/functions/arn:aws:lambda:ap-south-1:650040788938:function:enterprise_lambda/invocations\"\n        httpMethod: POST\n        type: aws_proxy",
            "created_date": "2024-11-12T02:44:53Z",
            "description": "API Gateway with Lambda integration",
            "disable_execute_api_endpoint": false,
            "endpoint_configuration": [
              {
                "types": [
                  "EDGE"
                ],
                "vpc_endpoint_ids": []
              }
            ],
            "execution_arn": "arn:aws:execute-api:ap-south-1:650040788938:l6qcoq9bul",
            "fail_on_warnings": null,
            "id": "l6qcoq9bul",
            "minimum_compression_size": "",
            "name": "Enterprise_proxy_api",
            "parameters": null,
            "policy": "",
            "put_rest_api_mode": null,
            "root_resource_id": "2tlh9z1vj2",
            "tags": {},
            "tags_all": {}
          },
          "sensitive_attributes": [],
          "private": "bnVsbA==",
          "dependencies": [
            "module.enterprise_lambda.aws_lambda_function.gorest_lambda"
          ]
        }
      ]
    }
  ],
  "check_results": null
}
